
Microsoft Visual Studio Solution File, Format Version 12.00
# Visual Studio Version 17
VisualStudioVersion = 17.14.36401.2 d17.14
MinimumVisualStudioVersion = 10.0.40219.1
Project("{FAE04EC0-301F-11D3-BF4B-00C04F79EFBC}") = "SistemaGestionNomina", "SistemaGestionNomina\SistemaGestionNomina.csproj", "{702C03B9-1E02-4001-8843-E76D16F1E4D9}"
EndProject
Global
	GlobalSection(SolutionConfigurationPlatforms) = preSolution
		Debug|Any CPU = Debug|Any CPU
		Release|Any CPU = Release|Any CPU
	EndGlobalSection
	GlobalSection(ProjectConfigurationPlatforms) = postSolution
		{702C03B9-1E02-4001-8843-E76D16F1E4D9}.Debug|Any CPU.ActiveCfg = Debug|Any CPU
		{702C03B9-1E02-4001-8843-E76D16F1E4D9}.Debug|Any CPU.Build.0 = Debug|Any CPU
		{702C03B9-1E02-4001-8843-E76D16F1E4D9}.Release|Any CPU.ActiveCfg = Release|Any CPU
		{702C03B9-1E02-4001-8843-E76D16F1E4D9}.Release|Any CPU.Build.0 = Release|Any CPU
	EndGlobalSection
	GlobalSection(SolutionProperties) = preSolution
		HideSolutionNode = FALSE
	EndGlobalSection
	GlobalSection(ExtensibilityGlobals) = postSolution
		SolutionGuid = {50B14A52-E797-429E-8EB8-9CB7B56E058C}
	EndGlobalSection
EndGlobal
